
Microsoft Visual Studio Solution File, Format Version 12.00
# Visual Studio Version 17
VisualStudioVersion = 17.5.33414.496
MinimumVisualStudioVersion = 10.0.40219.1
Project("{9A19103F-16F7-4668-BE54-9A1E7A4F7556}") = "CityService", "CityService\CityService.csproj", "{FEA74F27-66B1-45CB-B25A-42FC69F7EED5}"
EndProject
Project("{9A19103F-16F7-4668-BE54-9A1E7A4F7556}") = "DistrictService", "DistrictService\DistrictService.csproj", "{A342935C-C85D-4C6D-9A06-C5EEEE72272A}"
EndProject
Project("{FAE04EC0-301F-11D3-BF4B-00C04F79EFBC}") = "CityServiceTests", "CityServiceTests\CityServiceTests.csproj", "{1DA0CA85-10DC-42C1-8A84-7280B495F852}"
EndProject
Project("{FAE04EC0-301F-11D3-BF4B-00C04F79EFBC}") = "DistrictServiceTests", "DistrictServiceTests\DistrictServiceTests.csproj", "{7E4DBF12-08B4-4D43-B402-5DF8A7FDF6BF}"
EndProject
Global
	GlobalSection(SolutionConfigurationPlatforms) = preSolution
		Debug|Any CPU = Debug|Any CPU
		Release|Any CPU = Release|Any CPU
	EndGlobalSection
	GlobalSection(ProjectConfigurationPlatforms) = postSolution
		{FEA74F27-66B1-45CB-B25A-42FC69F7EED5}.Debug|Any CPU.ActiveCfg = Debug|Any CPU
		{FEA74F27-66B1-45CB-B25A-42FC69F7EED5}.Debug|Any CPU.Build.0 = Debug|Any CPU
		{FEA74F27-66B1-45CB-B25A-42FC69F7EED5}.Release|Any CPU.ActiveCfg = Release|Any CPU
		{FEA74F27-66B1-45CB-B25A-42FC69F7EED5}.Release|Any CPU.Build.0 = Release|Any CPU
		{A342935C-C85D-4C6D-9A06-C5EEEE72272A}.Debug|Any CPU.ActiveCfg = Debug|Any CPU
		{A342935C-C85D-4C6D-9A06-C5EEEE72272A}.Debug|Any CPU.Build.0 = Debug|Any CPU
		{A342935C-C85D-4C6D-9A06-C5EEEE72272A}.Release|Any CPU.ActiveCfg = Release|Any CPU
		{A342935C-C85D-4C6D-9A06-C5EEEE72272A}.Release|Any CPU.Build.0 = Release|Any CPU
		{1DA0CA85-10DC-42C1-8A84-7280B495F852}.Debug|Any CPU.ActiveCfg = Debug|Any CPU
		{1DA0CA85-10DC-42C1-8A84-7280B495F852}.Debug|Any CPU.Build.0 = Debug|Any CPU
		{1DA0CA85-10DC-42C1-8A84-7280B495F852}.Release|Any CPU.ActiveCfg = Release|Any CPU
		{1DA0CA85-10DC-42C1-8A84-7280B495F852}.Release|Any CPU.Build.0 = Release|Any CPU
		{7E4DBF12-08B4-4D43-B402-5DF8A7FDF6BF}.Debug|Any CPU.ActiveCfg = Debug|Any CPU
		{7E4DBF12-08B4-4D43-B402-5DF8A7FDF6BF}.Debug|Any CPU.Build.0 = Debug|Any CPU
		{7E4DBF12-08B4-4D43-B402-5DF8A7FDF6BF}.Release|Any CPU.ActiveCfg = Release|Any CPU
		{7E4DBF12-08B4-4D43-B402-5DF8A7FDF6BF}.Release|Any CPU.Build.0 = Release|Any CPU
	EndGlobalSection
	GlobalSection(SolutionProperties) = preSolution
		HideSolutionNode = FALSE
	EndGlobalSection
	GlobalSection(ExtensibilityGlobals) = postSolution
		SolutionGuid = {DE58564D-0071-4F19-9EC9-6EF159C52E3E}
	EndGlobalSection
EndGlobal
